
Microsoft Visual Studio Solution File, Format Version 12.00
# Visual Studio Version 17
VisualStudioVersion = 17.7.34031.279
MinimumVisualStudioVersion = 10.0.40219.1
Project("{FAE04EC0-301F-11D3-BF4B-00C04F79EFBC}") = "lab2", "lab2\lab2.csproj", "{7372D29B-4F1C-4202-9B38-D1EBB9617788}"
EndProject
Global
	GlobalSection(SolutionConfigurationPlatforms) = preSolution
		Debug|Any CPU = Debug|Any CPU
		Release|Any CPU = Release|Any CPU
	EndGlobalSection
	GlobalSection(ProjectConfigurationPlatforms) = postSolution
		{7372D29B-4F1C-4202-9B38-D1EBB9617788}.Debug|Any CPU.ActiveCfg = Debug|Any CPU
		{7372D29B-4F1C-4202-9B38-D1EBB9617788}.Debug|Any CPU.Build.0 = Debug|Any CPU
		{7372D29B-4F1C-4202-9B38-D1EBB9617788}.Release|Any CPU.ActiveCfg = Release|Any CPU
		{7372D29B-4F1C-4202-9B38-D1EBB9617788}.Release|Any CPU.Build.0 = Release|Any CPU
	EndGlobalSection
	GlobalSection(SolutionProperties) = preSolution
		HideSolutionNode = FALSE
	EndGlobalSection
	GlobalSection(ExtensibilityGlobals) = postSolution
		SolutionGuid = {2F390151-4756-459E-9D92-ABDEDF999A68}
	EndGlobalSection
EndGlobal
